
Microsoft Visual Studio Solution File, Format Version 12.00
# Visual Studio Version 16
VisualStudioVersion = 16.0.29519.181
MinimumVisualStudioVersion = 10.0.40219.1
Project("{FAE04EC0-301F-11D3-BF4B-00C04F79EFBC}") = "WpfApp3", "WpfApp3\WpfApp3.csproj", "{E88BE25F-E707-4BF5-8FB7-75D4938B9253}"
EndProject
Global
	GlobalSection(SolutionConfigurationPlatforms) = preSolution
		Debug|Any CPU = Debug|Any CPU
		Release|Any CPU = Release|Any CPU
	EndGlobalSection
	GlobalSection(ProjectConfigurationPlatforms) = postSolution
		{E88BE25F-E707-4BF5-8FB7-75D4938B9253}.Debug|Any CPU.ActiveCfg = Debug|Any CPU
		{E88BE25F-E707-4BF5-8FB7-75D4938B9253}.Debug|Any CPU.Build.0 = Debug|Any CPU
		{E88BE25F-E707-4BF5-8FB7-75D4938B9253}.Release|Any CPU.ActiveCfg = Release|Any CPU
		{E88BE25F-E707-4BF5-8FB7-75D4938B9253}.Release|Any CPU.Build.0 = Release|Any CPU
	EndGlobalSection
	GlobalSection(SolutionProperties) = preSolution
		HideSolutionNode = FALSE
	EndGlobalSection
	GlobalSection(ExtensibilityGlobals) = postSolution
		SolutionGuid = {31E114C0-D64F-4C3C-B694-AC8727735F81}
	EndGlobalSection
EndGlobal
